dependencies:
- name: ingress-nginx
  repository: https://kubernetes.github.io/ingress-nginx
  version: 4.13.0
- name: metrics-server
  repository: https://kubernetes-sigs.github.io/metrics-server/
  version: 3.12.1
digest: sha256:bd459a8d1062ffff7c58e18d9fa33b2785f367edf3f94a8f28c3cc89956dd109
generated: "2025-07-18T08:20:58.735711868-03:00"
